// !$*UTF8*$!
{
	archiveVersion = 1;
	classes = {
	};
	objectVersion = 46;
	objects = {

/* Begin PBXBuildFile section */
		221BF5CD1EE896A30016C1D1 /* Circle.swift in Sources */ = {isa = PBXBuildFile; fileRef = 221BF5CC1EE896A30016C1D1 /* Circle.swift */; };
		221BF5CF1EE8B6130016C1D1 /* FloatingPoint.swift in Sources */ = {isa = PBXBuildFile; fileRef = 221BF5CE1EE8B6130016C1D1 /* FloatingPoint.swift */; };
		221BF5D11EE8B93F0016C1D1 /* Types+FloatingPoint.swift in Sources */ = {isa = PBXBuildFile; fileRef = 221BF5D01EE8B93F0016C1D1 /* Types+FloatingPoint.swift */; };
		221BF5D31EE8BDB40016C1D1 /* Comparable+clamped.swift in Sources */ = {isa = PBXBuildFile; fileRef = 221BF5D21EE8BDB40016C1D1 /* Comparable+clamped.swift */; };
		2239AB4C1EEAB43F00528A7B /* Math.swift in Sources */ = {isa = PBXBuildFile; fileRef = 2239AB4B1EEAB43F00528A7B /* Math.swift */; };
		2239AB4E1EEAC0F200528A7B /* LineLineIntersection.swift in Sources */ = {isa = PBXBuildFile; fileRef = 2239AB4D1EEAC0F200528A7B /* LineLineIntersection.swift */; };
		2239AB501EEAD4DB00528A7B /* RawLine.swift in Sources */ = {isa = PBXBuildFile; fileRef = 2239AB4F1EEAD4DB00528A7B /* RawLine.swift */; };
		2240F2A11EE6EAE400492619 /* CocoaInteractionUnit.swift in Sources */ = {isa = PBXBuildFile; fileRef = 2240F2A01EE6EAE400492619 /* CocoaInteractionUnit.swift */; };
		224BC5721EE77FBD00C29CE3 /* OneDimensional.swift in Sources */ = {isa = PBXBuildFile; fileRef = 224BC5711EE77FBD00C29CE3 /* OneDimensional.swift */; };
		224BC5751EE7819A00C29CE3 /* AnyOneDimensional.swift in Sources */ = {isa = PBXBuildFile; fileRef = 224BC5741EE7819A00C29CE3 /* AnyOneDimensional.swift */; };
		224BC5771EE7F47300C29CE3 /* Identifiable.swift in Sources */ = {isa = PBXBuildFile; fileRef = 224BC5761EE7F47300C29CE3 /* Identifiable.swift */; };
		227EBE571EE84CE800456AFB /* Numeric+squared.swift in Sources */ = {isa = PBXBuildFile; fileRef = 227EBE561EE84CE800456AFB /* Numeric+squared.swift */; };
		227EBE591EE8500200456AFB /* Observable.swift in Sources */ = {isa = PBXBuildFile; fileRef = 227EBE581EE8500200456AFB /* Observable.swift */; };
		228783731ED29E4900FF8784 /* AppDelegate.swift in Sources */ = {isa = PBXBuildFile; fileRef = 228783721ED29E4900FF8784 /* AppDelegate.swift */; };
		228783751ED29E4900FF8784 /* ViewController.swift in Sources */ = {isa = PBXBuildFile; fileRef = 228783741ED29E4900FF8784 /* ViewController.swift */; };
		228783771ED29E4900FF8784 /* Assets.xcassets in Resources */ = {isa = PBXBuildFile; fileRef = 228783761ED29E4900FF8784 /* Assets.xcassets */; };
		2287837A1ED29E4900FF8784 /* Main.storyboard in Resources */ = {isa = PBXBuildFile; fileRef = 228783781ED29E4900FF8784 /* Main.storyboard */; };
		228783851ED29E4900FF8784 /* GeometricksTests.swift in Sources */ = {isa = PBXBuildFile; fileRef = 228783841ED29E4900FF8784 /* GeometricksTests.swift */; };
		228783901ED29E4900FF8784 /* GeometricksUITests.swift in Sources */ = {isa = PBXBuildFile; fileRef = 2287838F1ED29E4900FF8784 /* GeometricksUITests.swift */; };
		2287839E1ED29E7B00FF8784 /* Canvas.swift in Sources */ = {isa = PBXBuildFile; fileRef = 2287839D1ED29E7B00FF8784 /* Canvas.swift */; };
		228783B11ED29ECA00FF8784 /* AnyDrawable.swift in Sources */ = {isa = PBXBuildFile; fileRef = 2287839F1ED29ECA00FF8784 /* AnyDrawable.swift */; };
		228783B21ED29ECA00FF8784 /* AnyDrawingUnit.swift in Sources */ = {isa = PBXBuildFile; fileRef = 228783A01ED29ECA00FF8784 /* AnyDrawingUnit.swift */; };
		228783B31ED29ECA00FF8784 /* AnyDraggablePoint.swift in Sources */ = {isa = PBXBuildFile; fileRef = 228783A11ED29ECA00FF8784 /* AnyDraggablePoint.swift */; };
		228783B41ED29ECA00FF8784 /* AnyPoint.swift in Sources */ = {isa = PBXBuildFile; fileRef = 228783A21ED29ECA00FF8784 /* AnyPoint.swift */; };
		228783B51ED29ECA00FF8784 /* CocoaDrawingUnit.swift in Sources */ = {isa = PBXBuildFile; fileRef = 228783A31ED29ECA00FF8784 /* CocoaDrawingUnit.swift */; };
		228783B61ED29ECA00FF8784 /* Drawable.swift in Sources */ = {isa = PBXBuildFile; fileRef = 228783A41ED29ECA00FF8784 /* Drawable.swift */; };
		228783B71ED29ECA00FF8784 /* DrawingUnit.swift in Sources */ = {isa = PBXBuildFile; fileRef = 228783A51ED29ECA00FF8784 /* DrawingUnit.swift */; };
		228783B81ED29ECA00FF8784 /* FreePoint.swift in Sources */ = {isa = PBXBuildFile; fileRef = 228783A61ED29ECA00FF8784 /* FreePoint.swift */; };
		228783B91ED29ECA00FF8784 /* DraggablePoint.swift in Sources */ = {isa = PBXBuildFile; fileRef = 228783A71ED29ECA00FF8784 /* DraggablePoint.swift */; };
		228783BA1ED29ECA00FF8784 /* LineSegment.swift in Sources */ = {isa = PBXBuildFile; fileRef = 228783A81ED29ECA00FF8784 /* LineSegment.swift */; };
		228783BB1ED29ECA00FF8784 /* LogicUnit.swift in Sources */ = {isa = PBXBuildFile; fileRef = 228783A91ED29ECA00FF8784 /* LogicUnit.swift */; };
		228783BC1ED29ECA00FF8784 /* NSPoint+Raw.swift in Sources */ = {isa = PBXBuildFile; fileRef = 228783AA1ED29ECA00FF8784 /* NSPoint+Raw.swift */; };
		228783BD1ED29ECA00FF8784 /* Point.swift in Sources */ = {isa = PBXBuildFile; fileRef = 228783AB1ED29ECA00FF8784 /* Point.swift */; };
		228783BE1ED29ECA00FF8784 /* RawPoint.swift in Sources */ = {isa = PBXBuildFile; fileRef = 228783AC1ED29ECA00FF8784 /* RawPoint.swift */; };
		228783BF1ED29ECA00FF8784 /* RawPointConvertible.swift in Sources */ = {isa = PBXBuildFile; fileRef = 228783AD1ED29ECA00FF8784 /* RawPointConvertible.swift */; };
		228783C01ED29ECA00FF8784 /* RawVector.swift in Sources */ = {isa = PBXBuildFile; fileRef = 228783AE1ED29ECA00FF8784 /* RawVector.swift */; };
		228783C11ED29ECA00FF8784 /* RawVectorConvertible.swift in Sources */ = {isa = PBXBuildFile; fileRef = 228783AF1ED29ECA00FF8784 /* RawVectorConvertible.swift */; };
		228783CB1ED3A51700FF8784 /* Curve.swift in Sources */ = {isa = PBXBuildFile; fileRef = 228783CA1ED3A51700FF8784 /* Curve.swift */; };
		228783CD1ED3B3B500FF8784 /* NSBezierPath+init.swift in Sources */ = {isa = PBXBuildFile; fileRef = 228783CC1ED3B3B500FF8784 /* NSBezierPath+init.swift */; };
		229590DF1ED840500062F101 /* BasicDrawingUnit.swift in Sources */ = {isa = PBXBuildFile; fileRef = 228783B01ED29ECA00FF8784 /* BasicDrawingUnit.swift */; };
		229819381EEA231300C1E7A1 /* TwoTwoMatrix.swift in Sources */ = {isa = PBXBuildFile; fileRef = 229819371EEA231300C1E7A1 /* TwoTwoMatrix.swift */; };
		229FCFDE1ED3B81000CAAEE5 /* SlidingPoint.swift in Sources */ = {isa = PBXBuildFile; fileRef = 229FCFDD1ED3B81000CAAEE5 /* SlidingPoint.swift */; };
		22C62D501EE99CC300C73E0F /* Line.swift in Sources */ = {isa = PBXBuildFile; fileRef = 22C62D4F1EE99CC300C73E0F /* Line.swift */; };
		22C62D521EE99F7600C73E0F /* RawRect.swift in Sources */ = {isa = PBXBuildFile; fileRef = 22C62D511EE99F7600C73E0F /* RawRect.swift */; };
		22C62D541EE99FCE00C73E0F /* RawRectConvertible.swift in Sources */ = {isa = PBXBuildFile; fileRef = 22C62D531EE99FCE00C73E0F /* RawRectConvertible.swift */; };
		22C62D571EE9A08400C73E0F /* NSRect+RawRect.swift in Sources */ = {isa = PBXBuildFile; fileRef = 22C62D561EE9A08400C73E0F /* NSRect+RawRect.swift */; };
		22C62D591EE9A1AC00C73E0F /* NSSize+RawVector.swift in Sources */ = {isa = PBXBuildFile; fileRef = 22C62D581EE9A1AC00C73E0F /* NSSize+RawVector.swift */; };
		22D62E091EEB0482009D2E26 /* RawCurve.swift in Sources */ = {isa = PBXBuildFile; fileRef = 22D62E081EEB0482009D2E26 /* RawCurve.swift */; };
		22D66A5D1EE9765500CBF912 /* RawValueType.swift in Sources */ = {isa = PBXBuildFile; fileRef = 22D66A5C1EE9765500CBF912 /* RawValueType.swift */; };
/* End PBXBuildFile section */

/* Begin PBXContainerItemProxy section */
		228783811ED29E4900FF8784 /* PBXContainerItemProxy */ = {
			isa = PBXContainerItemProxy;
			containerPortal = 228783671ED29E4900FF8784 /* Project object */;
			proxyType = 1;
			remoteGlobalIDString = 2287836E1ED29E4900FF8784;
			remoteInfo = Geometricks;
		};
		2287838C1ED29E4900FF8784 /* PBXContainerItemProxy */ = {
			isa = PBXContainerItemProxy;
			containerPortal = 228783671ED29E4900FF8784 /* Project object */;
			proxyType = 1;
			remoteGlobalIDString = 2287836E1ED29E4900FF8784;
			remoteInfo = Geometricks;
		};
/* End PBXContainerItemProxy section */

/* Begin PBXFileReference section */
		221BF5CC1EE896A30016C1D1 /* Circle.swift */ = {isa = PBXFileReference; lastKnownFileType = sourcecode.swift; path = Circle.swift; sourceTree = "<group>"; };
		221BF5CE1EE8B6130016C1D1 /* FloatingPoint.swift */ = {isa = PBXFileReference; lastKnownFileType = sourcecode.swift; path = FloatingPoint.swift; sourceTree = "<group>"; };
		221BF5D01EE8B93F0016C1D1 /* Types+FloatingPoint.swift */ = {isa = PBXFileReference; lastKnownFileType = sourcecode.swift; path = "Types+FloatingPoint.swift"; sourceTree = "<group>"; };
		221BF5D21EE8BDB40016C1D1 /* Comparable+clamped.swift */ = {isa = PBXFileReference; lastKnownFileType = sourcecode.swift; path = "Comparable+clamped.swift"; sourceTree = "<group>"; };
		2239AB4B1EEAB43F00528A7B /* Math.swift */ = {isa = PBXFileReference; lastKnownFileType = sourcecode.swift; path = Math.swift; sourceTree = "<group>"; };
		2239AB4D1EEAC0F200528A7B /* LineLineIntersection.swift */ = {isa = PBXFileReference; lastKnownFileType = sourcecode.swift; path = LineLineIntersection.swift; sourceTree = "<group>"; };
		2239AB4F1EEAD4DB00528A7B /* RawLine.swift */ = {isa = PBXFileReference; lastKnownFileType = sourcecode.swift; path = RawLine.swift; sourceTree = "<group>"; };
		2240F2A01EE6EAE400492619 /* CocoaInteractionUnit.swift */ = {isa = PBXFileReference; lastKnownFileType = sourcecode.swift; path = CocoaInteractionUnit.swift; sourceTree = "<group>"; };
		224BC5711EE77FBD00C29CE3 /* OneDimensional.swift */ = {isa = PBXFileReference; lastKnownFileType = sourcecode.swift; path = OneDimensional.swift; sourceTree = "<group>"; };
		224BC5741EE7819A00C29CE3 /* AnyOneDimensional.swift */ = {isa = PBXFileReference; lastKnownFileType = sourcecode.swift; path = AnyOneDimensional.swift; sourceTree = "<group>"; };
		224BC5761EE7F47300C29CE3 /* Identifiable.swift */ = {isa = PBXFileReference; lastKnownFileType = sourcecode.swift; path = Identifiable.swift; sourceTree = "<group>"; };
		227EBE561EE84CE800456AFB /* Numeric+squared.swift */ = {isa = PBXFileReference; lastKnownFileType = sourcecode.swift; path = "Numeric+squared.swift"; sourceTree = "<group>"; };
		227EBE581EE8500200456AFB /* Observable.swift */ = {isa = PBXFileReference; lastKnownFileType = sourcecode.swift; path = Observable.swift; sourceTree = "<group>"; };
		2287836F1ED29E4900FF8784 /* Geometricks.app */ = {isa = PBXFileReference; explicitFileType = wrapper.application; includeInIndex = 0; path = Geometricks.app; sourceTree = BUILT_PRODUCTS_DIR; };
		228783721ED29E4900FF8784 /* AppDelegate.swift */ = {isa = PBXFileReference; lastKnownFileType = sourcecode.swift; path = AppDelegate.swift; sourceTree = "<group>"; };
		228783741ED29E4900FF8784 /* ViewController.swift */ = {isa = PBXFileReference; lastKnownFileType = sourcecode.swift; path = ViewController.swift; sourceTree = "<group>"; };
		228783761ED29E4900FF8784 /* Assets.xcassets */ = {isa = PBXFileReference; lastKnownFileType = folder.assetcatalog; path = Assets.xcassets; sourceTree = "<group>"; };
		228783791ED29E4900FF8784 /* Base */ = {isa = PBXFileReference; lastKnownFileType = file.storyboard; name = Base; path = Base.lproj/Main.storyboard; sourceTree = "<group>"; };
		2287837B1ED29E4900FF8784 /* Info.plist */ = {isa = PBXFileReference; lastKnownFileType = text.plist.xml; path = Info.plist; sourceTree = "<group>"; };
		228783801ED29E4900FF8784 /* GeometricksTests.xctest */ = {isa = PBXFileReference; explicitFileType = wrapper.cfbundle; includeInIndex = 0; path = GeometricksTests.xctest; sourceTree = BUILT_PRODUCTS_DIR; };
		228783841ED29E4900FF8784 /* GeometricksTests.swift */ = {isa = PBXFileReference; lastKnownFileType = sourcecode.swift; path = GeometricksTests.swift; sourceTree = "<group>"; };
		228783861ED29E4900FF8784 /* Info.plist */ = {isa = PBXFileReference; lastKnownFileType = text.plist.xml; path = Info.plist; sourceTree = "<group>"; };
		2287838B1ED29E4900FF8784 /* GeometricksUITests.xctest */ = {isa = PBXFileReference; explicitFileType = wrapper.cfbundle; includeInIndex = 0; path = GeometricksUITests.xctest; sourceTree = BUILT_PRODUCTS_DIR; };
		2287838F1ED29E4900FF8784 /* GeometricksUITests.swift */ = {isa = PBXFileReference; lastKnownFileType = sourcecode.swift; path = GeometricksUITests.swift; sourceTree = "<group>"; };
		228783911ED29E4900FF8784 /* Info.plist */ = {isa = PBXFileReference; lastKnownFileType = text.plist.xml; path = Info.plist; sourceTree = "<group>"; };
		2287839D1ED29E7B00FF8784 /* Canvas.swift */ = {isa = PBXFileReference; fileEncoding = 4; lastKnownFileType = sourcecode.swift; path = Canvas.swift; sourceTree = "<group>"; };
		2287839F1ED29ECA00FF8784 /* AnyDrawable.swift */ = {isa = PBXFileReference; fileEncoding = 4; lastKnownFileType = sourcecode.swift; path = AnyDrawable.swift; sourceTree = "<group>"; };
		228783A01ED29ECA00FF8784 /* AnyDrawingUnit.swift */ = {isa = PBXFileReference; fileEncoding = 4; lastKnownFileType = sourcecode.swift; path = AnyDrawingUnit.swift; sourceTree = "<group>"; };
		228783A11ED29ECA00FF8784 /* AnyDraggablePoint.swift */ = {isa = PBXFileReference; fileEncoding = 4; lastKnownFileType = sourcecode.swift; path = AnyDraggablePoint.swift; sourceTree = "<group>"; };
		228783A21ED29ECA00FF8784 /* AnyPoint.swift */ = {isa = PBXFileReference; fileEncoding = 4; lastKnownFileType = sourcecode.swift; path = AnyPoint.swift; sourceTree = "<group>"; };
		228783A31ED29ECA00FF8784 /* CocoaDrawingUnit.swift */ = {isa = PBXFileReference; fileEncoding = 4; lastKnownFileType = sourcecode.swift; path = CocoaDrawingUnit.swift; sourceTree = "<group>"; };
		228783A41ED29ECA00FF8784 /* Drawable.swift */ = {isa = PBXFileReference; fileEncoding = 4; lastKnownFileType = sourcecode.swift; path = Drawable.swift; sourceTree = "<group>"; };
		228783A51ED29ECA00FF8784 /* DrawingUnit.swift */ = {isa = PBXFileReference; fileEncoding = 4; lastKnownFileType = sourcecode.swift; path = DrawingUnit.swift; sourceTree = "<group>"; };
		228783A61ED29ECA00FF8784 /* FreePoint.swift */ = {isa = PBXFileReference; fileEncoding = 4; lastKnownFileType = sourcecode.swift; path = FreePoint.swift; sourceTree = "<group>"; };
		228783A71ED29ECA00FF8784 /* DraggablePoint.swift */ = {isa = PBXFileReference; fileEncoding = 4; lastKnownFileType = sourcecode.swift; path = DraggablePoint.swift; sourceTree = "<group>"; };
		228783A81ED29ECA00FF8784 /* LineSegment.swift */ = {isa = PBXFileReference; fileEncoding = 4; lastKnownFileType = sourcecode.swift; path = LineSegment.swift; sourceTree = "<group>"; };
		228783A91ED29ECA00FF8784 /* LogicUnit.swift */ = {isa = PBXFileReference; fileEncoding = 4; lastKnownFileType = sourcecode.swift; path = LogicUnit.swift; sourceTree = "<group>"; };
		228783AA1ED29ECA00FF8784 /* NSPoint+Raw.swift */ = {isa = PBXFileReference; fileEncoding = 4; lastKnownFileType = sourcecode.swift; path = "NSPoint+Raw.swift"; sourceTree = "<group>"; };
		228783AB1ED29ECA00FF8784 /* Point.swift */ = {isa = PBXFileReference; fileEncoding = 4; lastKnownFileType = sourcecode.swift; path = Point.swift; sourceTree = "<group>"; };
		228783AC1ED29ECA00FF8784 /* RawPoint.swift */ = {isa = PBXFileReference; fileEncoding = 4; lastKnownFileType = sourcecode.swift; path = RawPoint.swift; sourceTree = "<group>"; };
		228783AD1ED29ECA00FF8784 /* RawPointConvertible.swift */ = {isa = PBXFileReference; fileEncoding = 4; lastKnownFileType = sourcecode.swift; path = RawPointConvertible.swift; sourceTree = "<group>"; };
		228783AE1ED29ECA00FF8784 /* RawVector.swift */ = {isa = PBXFileReference; fileEncoding = 4; lastKnownFileType = sourcecode.swift; path = RawVector.swift; sourceTree = "<group>"; };
		228783AF1ED29ECA00FF8784 /* RawVectorConvertible.swift */ = {isa = PBXFileReference; fileEncoding = 4; lastKnownFileType = sourcecode.swift; path = RawVectorConvertible.swift; sourceTree = "<group>"; };
		228783B01ED29ECA00FF8784 /* BasicDrawingUnit.swift */ = {isa = PBXFileReference; fileEncoding = 4; lastKnownFileType = sourcecode.swift; name = BasicDrawingUnit.swift; path = ../Geometricks/BasicDrawingUnit.swift; sourceTree = "<group>"; };
		228783CA1ED3A51700FF8784 /* Curve.swift */ = {isa = PBXFileReference; fileEncoding = 4; lastKnownFileType = sourcecode.swift; path = Curve.swift; sourceTree = "<group>"; };
		228783CC1ED3B3B500FF8784 /* NSBezierPath+init.swift */ = {isa = PBXFileReference; fileEncoding = 4; lastKnownFileType = sourcecode.swift; path = "NSBezierPath+init.swift"; sourceTree = "<group>"; };
		229819371EEA231300C1E7A1 /* TwoTwoMatrix.swift */ = {isa = PBXFileReference; lastKnownFileType = sourcecode.swift; path = TwoTwoMatrix.swift; sourceTree = "<group>"; };
		229FCFDD1ED3B81000CAAEE5 /* SlidingPoint.swift */ = {isa = PBXFileReference; fileEncoding = 4; lastKnownFileType = sourcecode.swift; path = SlidingPoint.swift; sourceTree = "<group>"; };
		22C62D4F1EE99CC300C73E0F /* Line.swift */ = {isa = PBXFileReference; lastKnownFileType = sourcecode.swift; path = Line.swift; sourceTree = "<group>"; };
		22C62D511EE99F7600C73E0F /* RawRect.swift */ = {isa = PBXFileReference; lastKnownFileType = sourcecode.swift; path = RawRect.swift; sourceTree = "<group>"; };
		22C62D531EE99FCE00C73E0F /* RawRectConvertible.swift */ = {isa = PBXFileReference; lastKnownFileType = sourcecode.swift; path = RawRectConvertible.swift; sourceTree = "<group>"; };
		22C62D561EE9A08400C73E0F /* NSRect+RawRect.swift */ = {isa = PBXFileReference; lastKnownFileType = sourcecode.swift; path = "NSRect+RawRect.swift"; sourceTree = "<group>"; };
		22C62D581EE9A1AC00C73E0F /* NSSize+RawVector.swift */ = {isa = PBXFileReference; lastKnownFileType = sourcecode.swift; path = "NSSize+RawVector.swift"; sourceTree = "<group>"; };
		22D62E081EEB0482009D2E26 /* RawCurve.swift */ = {isa = PBXFileReference; lastKnownFileType = sourcecode.swift; path = RawCurve.swift; sourceTree = "<group>"; };
		22D66A5C1EE9765500CBF912 /* RawValueType.swift */ = {isa = PBXFileReference; lastKnownFileType = sourcecode.swift; path = RawValueType.swift; sourceTree = "<group>"; };
/* End PBXFileReference section */

/* Begin PBXFrameworksBuildPhase section */
		2287836C1ED29E4900FF8784 /* Frameworks */ = {
			isa = PBXFrameworksBuildPhase;
			buildActionMask = 2147483647;
			files = (
			);
			runOnlyForDeploymentPostprocessing = 0;
		};
		2287837D1ED29E4900FF8784 /* Frameworks */ = {
			isa = PBXFrameworksBuildPhase;
			buildActionMask = 2147483647;
			files = (
			);
			runOnlyForDeploymentPostprocessing = 0;
		};
		228783881ED29E4900FF8784 /* Frameworks */ = {
			isa = PBXFrameworksBuildPhase;
			buildActionMask = 2147483647;
			files = (
			);
			runOnlyForDeploymentPostprocessing = 0;
		};
/* End PBXFrameworksBuildPhase section */

/* Begin PBXGroup section */
		224BC5731EE77FCD00C29CE3 /* OneDimensional */ = {
			isa = PBXGroup;
			children = (
				224BC5711EE77FBD00C29CE3 /* OneDimensional.swift */,
				224BC5741EE7819A00C29CE3 /* AnyOneDimensional.swift */,
				228783A81ED29ECA00FF8784 /* LineSegment.swift */,
				22C62D4F1EE99CC300C73E0F /* Line.swift */,
				228783CA1ED3A51700FF8784 /* Curve.swift */,
				221BF5CC1EE896A30016C1D1 /* Circle.swift */,
			);
			name = OneDimensional;
			sourceTree = "<group>";
		};
		228783661ED29E4900FF8784 = {
			isa = PBXGroup;
			children = (
				228783711ED29E4900FF8784 /* Geometricks */,
				228783831ED29E4900FF8784 /* GeometricksTests */,
				2287838E1ED29E4900FF8784 /* GeometricksUITests */,
				228783701ED29E4900FF8784 /* Products */,
			);
			sourceTree = "<group>";
		};
		228783701ED29E4900FF8784 /* Products */ = {
			isa = PBXGroup;
			children = (
				2287836F1ED29E4900FF8784 /* Geometricks.app */,
				228783801ED29E4900FF8784 /* GeometricksTests.xctest */,
				2287838B1ED29E4900FF8784 /* GeometricksUITests.xctest */,
			);
			name = Products;
			sourceTree = "<group>";
		};
		228783711ED29E4900FF8784 /* Geometricks */ = {
			isa = PBXGroup;
			children = (
				228783721ED29E4900FF8784 /* AppDelegate.swift */,
				228783741ED29E4900FF8784 /* ViewController.swift */,
				2287839D1ED29E7B00FF8784 /* Canvas.swift */,
				228783C91ED29F3300FF8784 /* Core */,
				228783A31ED29ECA00FF8784 /* CocoaDrawingUnit.swift */,
				2240F2A01EE6EAE400492619 /* CocoaInteractionUnit.swift */,
				228783CC1ED3B3B500FF8784 /* NSBezierPath+init.swift */,
				228783AA1ED29ECA00FF8784 /* NSPoint+Raw.swift */,
				22C62D581EE9A1AC00C73E0F /* NSSize+RawVector.swift */,
				22C62D561EE9A08400C73E0F /* NSRect+RawRect.swift */,
				221BF5D01EE8B93F0016C1D1 /* Types+FloatingPoint.swift */,
				228783761ED29E4900FF8784 /* Assets.xcassets */,
				228783781ED29E4900FF8784 /* Main.storyboard */,
				2287837B1ED29E4900FF8784 /* Info.plist */,
			);
			path = Geometricks;
			sourceTree = "<group>";
		};
		228783831ED29E4900FF8784 /* GeometricksTests */ = {
			isa = PBXGroup;
			children = (
				228783B01ED29ECA00FF8784 /* BasicDrawingUnit.swift */,
				228783841ED29E4900FF8784 /* GeometricksTests.swift */,
				228783861ED29E4900FF8784 /* Info.plist */,
			);
			path = GeometricksTests;
			sourceTree = "<group>";
		};
		2287838E1ED29E4900FF8784 /* GeometricksUITests */ = {
			isa = PBXGroup;
			children = (
				2287838F1ED29E4900FF8784 /* GeometricksUITests.swift */,
				228783911ED29E4900FF8784 /* Info.plist */,
			);
			path = GeometricksUITests;
			sourceTree = "<group>";
		};
		228783C31ED29EE700FF8784 /* DraggablePoint */ = {
			isa = PBXGroup;
			children = (
				228783A71ED29ECA00FF8784 /* DraggablePoint.swift */,
				228783A11ED29ECA00FF8784 /* AnyDraggablePoint.swift */,
			);
			name = DraggablePoint;
			sourceTree = "<group>";
		};
		228783C41ED29EF700FF8784 /* Point */ = {
			isa = PBXGroup;
			children = (
				228783AB1ED29ECA00FF8784 /* Point.swift */,
				228783A21ED29ECA00FF8784 /* AnyPoint.swift */,
				228783A61ED29ECA00FF8784 /* FreePoint.swift */,
				229FCFDD1ED3B81000CAAEE5 /* SlidingPoint.swift */,
			);
			name = Point;
			sourceTree = "<group>";
		};
		228783C51ED29F0400FF8784 /* Drawable */ = {
			isa = PBXGroup;
			children = (
				228783A41ED29ECA00FF8784 /* Drawable.swift */,
				2287839F1ED29ECA00FF8784 /* AnyDrawable.swift */,
			);
			name = Drawable;
			sourceTree = "<group>";
		};
		228783C61ED29F1600FF8784 /* DrawingUnit */ = {
			isa = PBXGroup;
			children = (
				228783A51ED29ECA00FF8784 /* DrawingUnit.swift */,
				228783A01ED29ECA00FF8784 /* AnyDrawingUnit.swift */,
			);
			name = DrawingUnit;
			sourceTree = "<group>";
		};
		228783C71ED29F2200FF8784 /* RawPoint */ = {
			isa = PBXGroup;
			children = (
				228783AC1ED29ECA00FF8784 /* RawPoint.swift */,
				228783AD1ED29ECA00FF8784 /* RawPointConvertible.swift */,
			);
			name = RawPoint;
			sourceTree = "<group>";
		};
		228783C81ED29F2700FF8784 /* RawVector */ = {
			isa = PBXGroup;
			children = (
				228783AE1ED29ECA00FF8784 /* RawVector.swift */,
				228783AF1ED29ECA00FF8784 /* RawVectorConvertible.swift */,
			);
			name = RawVector;
			sourceTree = "<group>";
		};
		228783C91ED29F3300FF8784 /* Core */ = {
			isa = PBXGroup;
			children = (
				228783A91ED29ECA00FF8784 /* LogicUnit.swift */,
				224BC5761EE7F47300C29CE3 /* Identifiable.swift */,
				227EBE581EE8500200456AFB /* Observable.swift */,
				221BF5CE1EE8B6130016C1D1 /* FloatingPoint.swift */,
				227EBE561EE84CE800456AFB /* Numeric+squared.swift */,
				221BF5D21EE8BDB40016C1D1 /* Comparable+clamped.swift */,
				22D66A5C1EE9765500CBF912 /* RawValueType.swift */,
				229819371EEA231300C1E7A1 /* TwoTwoMatrix.swift */,
				2239AB4B1EEAB43F00528A7B /* Math.swift */,
				2239AB4D1EEAC0F200528A7B /* LineLineIntersection.swift */,
				228783C51ED29F0400FF8784 /* Drawable */,
				224BC5731EE77FCD00C29CE3 /* OneDimensional */,
				228783C61ED29F1600FF8784 /* DrawingUnit */,
				228783C31ED29EE700FF8784 /* DraggablePoint */,
				228783C41ED29EF700FF8784 /* Point */,
				228783C71ED29F2200FF8784 /* RawPoint */,
				228783C81ED29F2700FF8784 /* RawVector */,
				22C62D551EE99FE900C73E0F /* RawRect */,
				22D62E0A1EEB04B8009D2E26 /* Raw */,
			);
			name = Core;
			sourceTree = "<group>";
		};
		22C62D551EE99FE900C73E0F /* RawRect */ = {
			isa = PBXGroup;
			children = (
				22C62D511EE99F7600C73E0F /* RawRect.swift */,
				22C62D531EE99FCE00C73E0F /* RawRectConvertible.swift */,
			);
			name = RawRect;
			sourceTree = "<group>";
		};
		22D62E0A1EEB04B8009D2E26 /* Raw */ = {
			isa = PBXGroup;
			children = (
				2239AB4F1EEAD4DB00528A7B /* RawLine.swift */,
				22D62E081EEB0482009D2E26 /* RawCurve.swift */,
			);
			name = Raw;
			sourceTree = "<group>";
		};
/* End PBXGroup section */

/* Begin PBXNativeTarget section */
		2287836E1ED29E4900FF8784 /* Geometricks */ = {
			isa = PBXNativeTarget;
			buildConfigurationList = 228783941ED29E4900FF8784 /* Build configuration list for PBXNativeTarget "Geometricks" */;
			buildPhases = (
				2287836B1ED29E4900FF8784 /* Sources */,
				2287836C1ED29E4900FF8784 /* Frameworks */,
				2287836D1ED29E4900FF8784 /* Resources */,
			);
			buildRules = (
			);
			dependencies = (
			);
			name = Geometricks;
			productName = Geometricks;
			productReference = 2287836F1ED29E4900FF8784 /* Geometricks.app */;
			productType = "com.apple.product-type.application";
		};
		2287837F1ED29E4900FF8784 /* GeometricksTests */ = {
			isa = PBXNativeTarget;
			buildConfigurationList = 228783971ED29E4900FF8784 /* Build configuration list for PBXNativeTarget "GeometricksTests" */;
			buildPhases = (
				2287837C1ED29E4900FF8784 /* Sources */,
				2287837D1ED29E4900FF8784 /* Frameworks */,
				2287837E1ED29E4900FF8784 /* Resources */,
			);
			buildRules = (
			);
			dependencies = (
				228783821ED29E4900FF8784 /* PBXTargetDependency */,
			);
			name = GeometricksTests;
			productName = GeometricksTests;
			productReference = 228783801ED29E4900FF8784 /* GeometricksTests.xctest */;
			productType = "com.apple.product-type.bundle.unit-test";
		};
		2287838A1ED29E4900FF8784 /* GeometricksUITests */ = {
			isa = PBXNativeTarget;
			buildConfigurationList = 2287839A1ED29E4900FF8784 /* Build configuration list for PBXNativeTarget "GeometricksUITests" */;
			buildPhases = (
				228783871ED29E4900FF8784 /* Sources */,
				228783881ED29E4900FF8784 /* Frameworks */,
				228783891ED29E4900FF8784 /* Resources */,
			);
			buildRules = (
			);
			dependencies = (
				2287838D1ED29E4900FF8784 /* PBXTargetDependency */,
			);
			name = GeometricksUITests;
			productName = GeometricksUITests;
			productReference = 2287838B1ED29E4900FF8784 /* GeometricksUITests.xctest */;
			productType = "com.apple.product-type.bundle.ui-testing";
		};
/* End PBXNativeTarget section */

/* Begin PBXProject section */
		228783671ED29E4900FF8784 /* Project object */ = {
			isa = PBXProject;
			attributes = {
				LastSwiftUpdateCheck = 0830;
				LastUpgradeCheck = 0900;
				ORGANIZATIONNAME = "Tim Vermeulen";
				TargetAttributes = {
					2287836E1ED29E4900FF8784 = {
						CreatedOnToolsVersion = 8.3.2;
						LastSwiftMigration = 0900;
						ProvisioningStyle = Automatic;
					};
					2287837F1ED29E4900FF8784 = {
						CreatedOnToolsVersion = 8.3.2;
						LastSwiftMigration = 0900;
						ProvisioningStyle = Automatic;
						TestTargetID = 2287836E1ED29E4900FF8784;
					};
					2287838A1ED29E4900FF8784 = {
						CreatedOnToolsVersion = 8.3.2;
						LastSwiftMigration = 0900;
						ProvisioningStyle = Automatic;
						TestTargetID = 2287836E1ED29E4900FF8784;
					};
				};
			};
			buildConfigurationList = 2287836A1ED29E4900FF8784 /* Build configuration list for PBXProject "Geometricks" */;
			compatibilityVersion = "Xcode 3.2";
			developmentRegion = English;
			hasScannedForEncodings = 0;
			knownRegions = (
				en,
				Base,
			);
			mainGroup = 228783661ED29E4900FF8784;
			productRefGroup = 228783701ED29E4900FF8784 /* Products */;
			projectDirPath = "";
			projectRoot = "";
			targets = (
				2287836E1ED29E4900FF8784 /* Geometricks */,
				2287837F1ED29E4900FF8784 /* GeometricksTests */,
				2287838A1ED29E4900FF8784 /* GeometricksUITests */,
			);
		};
/* End PBXProject section */

/* Begin PBXResourcesBuildPhase section */
		2287836D1ED29E4900FF8784 /* Resources */ = {
			isa = PBXResourcesBuildPhase;
			buildActionMask = 2147483647;
			files = (
				228783771ED29E4900FF8784 /* Assets.xcassets in Resources */,
				2287837A1ED29E4900FF8784 /* Main.storyboard in Resources */,
			);
			runOnlyForDeploymentPostprocessing = 0;
		};
		2287837E1ED29E4900FF8784 /* Resources */ = {
			isa = PBXResourcesBuildPhase;
			buildActionMask = 2147483647;
			files = (
			);
			runOnlyForDeploymentPostprocessing = 0;
		};
		228783891ED29E4900FF8784 /* Resources */ = {
			isa = PBXResourcesBuildPhase;
			buildActionMask = 2147483647;
			files = (
			);
			runOnlyForDeploymentPostprocessing = 0;
		};
/* End PBXResourcesBuildPhase section */

/* Begin PBXSourcesBuildPhase section */
		2287836B1ED29E4900FF8784 /* Sources */ = {
			isa = PBXSourcesBuildPhase;
			buildActionMask = 2147483647;
			files = (
				224BC5721EE77FBD00C29CE3 /* OneDimensional.swift in Sources */,
				22C62D571EE9A08400C73E0F /* NSRect+RawRect.swift in Sources */,
				2240F2A11EE6EAE400492619 /* CocoaInteractionUnit.swift in Sources */,
				228783BD1ED29ECA00FF8784 /* Point.swift in Sources */,
				229FCFDE1ED3B81000CAAEE5 /* SlidingPoint.swift in Sources */,
				228783751ED29E4900FF8784 /* ViewController.swift in Sources */,
				229819381EEA231300C1E7A1 /* TwoTwoMatrix.swift in Sources */,
				221BF5CD1EE896A30016C1D1 /* Circle.swift in Sources */,
				228783B41ED29ECA00FF8784 /* AnyPoint.swift in Sources */,
				228783BE1ED29ECA00FF8784 /* RawPoint.swift in Sources */,
				228783BC1ED29ECA00FF8784 /* NSPoint+Raw.swift in Sources */,
				221BF5CF1EE8B6130016C1D1 /* FloatingPoint.swift in Sources */,
				228783B51ED29ECA00FF8784 /* CocoaDrawingUnit.swift in Sources */,
				228783C01ED29ECA00FF8784 /* RawVector.swift in Sources */,
				228783CB1ED3A51700FF8784 /* Curve.swift in Sources */,
				228783C11ED29ECA00FF8784 /* RawVectorConvertible.swift in Sources */,
				22D62E091EEB0482009D2E26 /* RawCurve.swift in Sources */,
				228783731ED29E4900FF8784 /* AppDelegate.swift in Sources */,
				228783BF1ED29ECA00FF8784 /* RawPointConvertible.swift in Sources */,
				228783B21ED29ECA00FF8784 /* AnyDrawingUnit.swift in Sources */,
				228783CD1ED3B3B500FF8784 /* NSBezierPath+init.swift in Sources */,
				227EBE591EE8500200456AFB /* Observable.swift in Sources */,
				22C62D501EE99CC300C73E0F /* Line.swift in Sources */,
				228783B11ED29ECA00FF8784 /* AnyDrawable.swift in Sources */,
				228783B91ED29ECA00FF8784 /* DraggablePoint.swift in Sources */,
				228783BB1ED29ECA00FF8784 /* LogicUnit.swift in Sources */,
				227EBE571EE84CE800456AFB /* Numeric+squared.swift in Sources */,
				22C62D521EE99F7600C73E0F /* RawRect.swift in Sources */,
				228783BA1ED29ECA00FF8784 /* LineSegment.swift in Sources */,
				22C62D541EE99FCE00C73E0F /* RawRectConvertible.swift in Sources */,
				228783B71ED29ECA00FF8784 /* DrawingUnit.swift in Sources */,
				228783B61ED29ECA00FF8784 /* Drawable.swift in Sources */,
				2239AB4C1EEAB43F00528A7B /* Math.swift in Sources */,
				2239AB501EEAD4DB00528A7B /* RawLine.swift in Sources */,
				224BC5771EE7F47300C29CE3 /* Identifiable.swift in Sources */,
				2287839E1ED29E7B00FF8784 /* Canvas.swift in Sources */,
				22D66A5D1EE9765500CBF912 /* RawValueType.swift in Sources */,
				22C62D591EE9A1AC00C73E0F /* NSSize+RawVector.swift in Sources */,
				228783B31ED29ECA00FF8784 /* AnyDraggablePoint.swift in Sources */,
				228783B81ED29ECA00FF8784 /* FreePoint.swift in Sources */,
				2239AB4E1EEAC0F200528A7B /* LineLineIntersection.swift in Sources */,
				224BC5751EE7819A00C29CE3 /* AnyOneDimensional.swift in Sources */,
				221BF5D11EE8B93F0016C1D1 /* Types+FloatingPoint.swift in Sources */,
				221BF5D31EE8BDB40016C1D1 /* Comparable+clamped.swift in Sources */,
			);
			runOnlyForDeploymentPostprocessing = 0;
		};
		2287837C1ED29E4900FF8784 /* Sources */ = {
			isa = PBXSourcesBuildPhase;
			buildActionMask = 2147483647;
			files = (
				228783851ED29E4900FF8784 /* GeometricksTests.swift in Sources */,
				229590DF1ED840500062F101 /* BasicDrawingUnit.swift in Sources */,
			);
			runOnlyForDeploymentPostprocessing = 0;
		};
		228783871ED29E4900FF8784 /* Sources */ = {
			isa = PBXSourcesBuildPhase;
			buildActionMask = 2147483647;
			files = (
				228783901ED29E4900FF8784 /* GeometricksUITests.swift in Sources */,
			);
			runOnlyForDeploymentPostprocessing = 0;
		};
/* End PBXSourcesBuildPhase section */

/* Begin PBXTargetDependency section */
		228783821ED29E4900FF8784 /* PBXTargetDependency */ = {
			isa = PBXTargetDependency;
			target = 2287836E1ED29E4900FF8784 /* Geometricks */;
			targetProxy = 228783811ED29E4900FF8784 /* PBXContainerItemProxy */;
		};
		2287838D1ED29E4900FF8784 /* PBXTargetDependency */ = {
			isa = PBXTargetDependency;
			target = 2287836E1ED29E4900FF8784 /* Geometricks */;
			targetProxy = 2287838C1ED29E4900FF8784 /* PBXContainerItemProxy */;
		};
/* End PBXTargetDependency section */

/* Begin PBXVariantGroup section */
		228783781ED29E4900FF8784 /* Main.storyboard */ = {
			isa = PBXVariantGroup;
			children = (
				228783791ED29E4900FF8784 /* Base */,
			);
			name = Main.storyboard;
			sourceTree = "<group>";
		};
/* End PBXVariantGroup section */

/* Begin XCBuildConfiguration section */
		228783921ED29E4900FF8784 /* Debug */ = {
			isa = XCBuildConfiguration;
			buildSettings = {
				ALWAYS_SEARCH_USER_PATHS = NO;
				CLANG_ANALYZER_NONNULL = YES;
				CLANG_ANALYZER_NUMBER_OBJECT_CONVERSION = YES_AGGRESSIVE;
				CLANG_CXX_LANGUAGE_STANDARD = "gnu++0x";
				CLANG_CXX_LIBRARY = "libc++";
				CLANG_ENABLE_MODULES = YES;
				CLANG_ENABLE_OBJC_ARC = YES;
				CLANG_WARN_BLOCK_CAPTURE_AUTORELEASING = YES;
				CLANG_WARN_BOOL_CONVERSION = YES;
				CLANG_WARN_COMMA = YES;
				CLANG_WARN_CONSTANT_CONVERSION = YES;
				CLANG_WARN_DIRECT_OBJC_ISA_USAGE = YES_ERROR;
				CLANG_WARN_DOCUMENTATION_COMMENTS = YES;
				CLANG_WARN_EMPTY_BODY = YES;
				CLANG_WARN_ENUM_CONVERSION = YES;
				CLANG_WARN_INFINITE_RECURSION = YES;
				CLANG_WARN_INT_CONVERSION = YES;
				CLANG_WARN_NON_LITERAL_NULL_CONVERSION = YES;
				CLANG_WARN_OBJC_LITERAL_CONVERSION = YES;
				CLANG_WARN_OBJC_ROOT_CLASS = YES_ERROR;
				CLANG_WARN_RANGE_LOOP_ANALYSIS = YES;
				CLANG_WARN_STRICT_PROTOTYPES = YES;
				CLANG_WARN_SUSPICIOUS_MOVE = YES;
				CLANG_WARN_UNREACHABLE_CODE = YES;
				CLANG_WARN__DUPLICATE_METHOD_MATCH = YES;
				CODE_SIGN_IDENTITY = "-";
				COPY_PHASE_STRIP = NO;
				DEBUG_INFORMATION_FORMAT = dwarf;
				ENABLE_STRICT_OBJC_MSGSEND = YES;
				ENABLE_TESTABILITY = YES;
				GCC_C_LANGUAGE_STANDARD = gnu99;
				GCC_DYNAMIC_NO_PIC = NO;
				GCC_NO_COMMON_BLOCKS = YES;
				GCC_OPTIMIZATION_LEVEL = 0;
				GCC_PREPROCESSOR_DEFINITIONS = (
					"DEBUG=1",
					"$(inherited)",
				);
				GCC_WARN_64_TO_32_BIT_CONVERSION = YES;
				GCC_WARN_ABOUT_RETURN_TYPE = YES_ERROR;
				GCC_WARN_UNDECLARED_SELECTOR = YES;
				GCC_WARN_UNINITIALIZED_AUTOS = YES_AGGRESSIVE;
				GCC_WARN_UNUSED_FUNCTION = YES;
				GCC_WARN_UNUSED_VARIABLE = YES;
				MACOSX_DEPLOYMENT_TARGET = 10.12;
				MTL_ENABLE_DEBUG_INFO = YES;
				ONLY_ACTIVE_ARCH = YES;
				SDKROOT = macosx;
				SWIFT_ACTIVE_COMPILATION_CONDITIONS = DEBUG;
				SWIFT_OPTIMIZATION_LEVEL = "-Onone";
				SWIFT_SWIFT3_OBJC_INFERENCE = Off;
			};
			name = Debug;
		};
		228783931ED29E4900FF8784 /* Release */ = {
			isa = XCBuildConfiguration;
			buildSettings = {
				ALWAYS_SEARCH_USER_PATHS = NO;
				CLANG_ANALYZER_NONNULL = YES;
				CLANG_ANALYZER_NUMBER_OBJECT_CONVERSION = YES_AGGRESSIVE;
				CLANG_CXX_LANGUAGE_STANDARD = "gnu++0x";
				CLANG_CXX_LIBRARY = "libc++";
				CLANG_ENABLE_MODULES = YES;
				CLANG_ENABLE_OBJC_ARC = YES;
				CLANG_WARN_BLOCK_CAPTURE_AUTORELEASING = YES;
				CLANG_WARN_BOOL_CONVERSION = YES;
				CLANG_WARN_COMMA = YES;
				CLANG_WARN_CONSTANT_CONVERSION = YES;
				CLANG_WARN_DIRECT_OBJC_ISA_USAGE = YES_ERROR;
				CLANG_WARN_DOCUMENTATION_COMMENTS = YES;
				CLANG_WARN_EMPTY_BODY = YES;
				CLANG_WARN_ENUM_CONVERSION = YES;
				CLANG_WARN_INFINITE_RECURSION = YES;
				CLANG_WARN_INT_CONVERSION = YES;
				CLANG_WARN_NON_LITERAL_NULL_CONVERSION = YES;
				CLANG_WARN_OBJC_LITERAL_CONVERSION = YES;
				CLANG_WARN_OBJC_ROOT_CLASS = YES_ERROR;
				CLANG_WARN_RANGE_LOOP_ANALYSIS = YES;
				CLANG_WARN_STRICT_PROTOTYPES = YES;
				CLANG_WARN_SUSPICIOUS_MOVE = YES;
				CLANG_WARN_UNREACHABLE_CODE = YES;
				CLANG_WARN__DUPLICATE_METHOD_MATCH = YES;
				CODE_SIGN_IDENTITY = "-";
				COPY_PHASE_STRIP = NO;
				DEBUG_INFORMATION_FORMAT = "dwarf-with-dsym";
				ENABLE_NS_ASSERTIONS = NO;
				ENABLE_STRICT_OBJC_MSGSEND = YES;
				GCC_C_LANGUAGE_STANDARD = gnu99;
				GCC_NO_COMMON_BLOCKS = YES;
				GCC_WARN_64_TO_32_BIT_CONVERSION = YES;
				GCC_WARN_ABOUT_RETURN_TYPE = YES_ERROR;
				GCC_WARN_UNDECLARED_SELECTOR = YES;
				GCC_WARN_UNINITIALIZED_AUTOS = YES_AGGRESSIVE;
				GCC_WARN_UNUSED_FUNCTION = YES;
				GCC_WARN_UNUSED_VARIABLE = YES;
				MACOSX_DEPLOYMENT_TARGET = 10.12;
				MTL_ENABLE_DEBUG_INFO = NO;
				SDKROOT = macosx;
				SWIFT_OPTIMIZATION_LEVEL = "-Owholemodule";
				SWIFT_SWIFT3_OBJC_INFERENCE = Off;
			};
			name = Release;
		};
		228783951ED29E4900FF8784 /* Debug */ = {
			isa = XCBuildConfiguration;
			buildSettings = {
				ASSETCATALOG_COMPILER_APPICON_NAME = AppIcon;
				COMBINE_HIDPI_IMAGES = YES;
				INFOPLIST_FILE = Geometricks/Info.plist;
				LD_RUNPATH_SEARCH_PATHS = "$(inherited) @executable_path/../Frameworks";
				PRODUCT_BUNDLE_IDENTIFIER = tv.Geometricks;
				PRODUCT_NAME = "$(TARGET_NAME)";
				SWIFT_SWIFT3_OBJC_INFERENCE = Off;
				SWIFT_VERSION = 4.0;
			};
			name = Debug;
		};
		228783961ED29E4900FF8784 /* Release */ = {
			isa = XCBuildConfiguration;
			buildSettings = {
				ASSETCATALOG_COMPILER_APPICON_NAME = AppIcon;
				COMBINE_HIDPI_IMAGES = YES;
				INFOPLIST_FILE = Geometricks/Info.plist;
				LD_RUNPATH_SEARCH_PATHS = "$(inherited) @executable_path/../Frameworks";
				PRODUCT_BUNDLE_IDENTIFIER = tv.Geometricks;
				PRODUCT_NAME = "$(TARGET_NAME)";
				SWIFT_SWIFT3_OBJC_INFERENCE = Off;
				SWIFT_VERSION = 4.0;
			};
			name = Release;
		};
		228783981ED29E4900FF8784 /* Debug */ = {
			isa = XCBuildConfiguration;
			buildSettings = {
				ALWAYS_EMBED_SWIFT_STANDARD_LIBRARIES = YES;
				BUNDLE_LOADER = "$(TEST_HOST)";
				COMBINE_HIDPI_IMAGES = YES;
				INFOPLIST_FILE = GeometricksTests/Info.plist;
				LD_RUNPATH_SEARCH_PATHS = "$(inherited) @executable_path/../Frameworks @loader_path/../Frameworks";
				PRODUCT_BUNDLE_IDENTIFIER = tv.GeometricksTests;
				PRODUCT_NAME = "$(TARGET_NAME)";
				SWIFT_SWIFT3_OBJC_INFERENCE = Off;
				SWIFT_VERSION = 4.0;
				TEST_HOST = "$(BUILT_PRODUCTS_DIR)/Geometricks.app/Contents/MacOS/Geometricks";
			};
			name = Debug;
		};
		228783991ED29E4900FF8784 /* Release */ = {
			isa = XCBuildConfiguration;
			buildSettings = {
				ALWAYS_EMBED_SWIFT_STANDARD_LIBRARIES = YES;
				BUNDLE_LOADER = "$(TEST_HOST)";
				COMBINE_HIDPI_IMAGES = YES;
				INFOPLIST_FILE = GeometricksTests/Info.plist;
				LD_RUNPATH_SEARCH_PATHS = "$(inherited) @executable_path/../Frameworks @loader_path/../Frameworks";
				PRODUCT_BUNDLE_IDENTIFIER = tv.GeometricksTests;
				PRODUCT_NAME = "$(TARGET_NAME)";
				SWIFT_SWIFT3_OBJC_INFERENCE = Off;
				SWIFT_VERSION = 4.0;
				TEST_HOST = "$(BUILT_PRODUCTS_DIR)/Geometricks.app/Contents/MacOS/Geometricks";
			};
			name = Release;
		};
		2287839B1ED29E4900FF8784 /* Debug */ = {
			isa = XCBuildConfiguration;
			buildSettings = {
				ALWAYS_EMBED_SWIFT_STANDARD_LIBRARIES = YES;
				COMBINE_HIDPI_IMAGES = YES;
				INFOPLIST_FILE = GeometricksUITests/Info.plist;
				LD_RUNPATH_SEARCH_PATHS = "$(inherited) @executable_path/../Frameworks @loader_path/../Frameworks";
				PRODUCT_BUNDLE_IDENTIFIER = tv.GeometricksUITests;
				PRODUCT_NAME = "$(TARGET_NAME)";
				SWIFT_SWIFT3_OBJC_INFERENCE = Off;
				SWIFT_VERSION = 4.0;
				TEST_TARGET_NAME = Geometricks;
			};
			name = Debug;
		};
		2287839C1ED29E4900FF8784 /* Release */ = {
			isa = XCBuildConfiguration;
			buildSettings = {
				ALWAYS_EMBED_SWIFT_STANDARD_LIBRARIES = YES;
				COMBINE_HIDPI_IMAGES = YES;
				INFOPLIST_FILE = GeometricksUITests/Info.plist;
				LD_RUNPATH_SEARCH_PATHS = "$(inherited) @executable_path/../Frameworks @loader_path/../Frameworks";
				PRODUCT_BUNDLE_IDENTIFIER = tv.GeometricksUITests;
				PRODUCT_NAME = "$(TARGET_NAME)";
				SWIFT_SWIFT3_OBJC_INFERENCE = Off;
				SWIFT_VERSION = 4.0;
				TEST_TARGET_NAME = Geometricks;
			};
			name = Release;
		};
/* End XCBuildConfiguration section */

/* Begin XCConfigurationList section */
		2287836A1ED29E4900FF8784 /* Build configuration list for PBXProject "Geometricks" */ = {
			isa = XCConfigurationList;
			buildConfigurations = (
				228783921ED29E4900FF8784 /* Debug */,
				228783931ED29E4900FF8784 /* Release */,
			);
			defaultConfigurationIsVisible = 0;
			defaultConfigurationName = Release;
		};
		228783941ED29E4900FF8784 /* Build configuration list for PBXNativeTarget "Geometricks" */ = {
			isa = XCConfigurationList;
			buildConfigurations = (
				228783951ED29E4900FF8784 /* Debug */,
				228783961ED29E4900FF8784 /* Release */,
			);
			defaultConfigurationIsVisible = 0;
			defaultConfigurationName = Release;
		};
		228783971ED29E4900FF8784 /* Build configuration list for PBXNativeTarget "GeometricksTests" */ = {
			isa = XCConfigurationList;
			buildConfigurations = (
				228783981ED29E4900FF8784 /* Debug */,
				228783991ED29E4900FF8784 /* Release */,
			);
			defaultConfigurationIsVisible = 0;
			defaultConfigurationName = Release;
		};
		2287839A1ED29E4900FF8784 /* Build configuration list for PBXNativeTarget "GeometricksUITests" */ = {
			isa = XCConfigurationList;
			buildConfigurations = (
				2287839B1ED29E4900FF8784 /* Debug */,
				2287839C1ED29E4900FF8784 /* Release */,
			);
			defaultConfigurationIsVisible = 0;
			defaultConfigurationName = Release;
		};
/* End XCConfigurationList section */
	};
	rootObject = 228783671ED29E4900FF8784 /* Project object */;
}
